
Microsoft Visual Studio Solution File, Format Version 12.00
# Visual Studio Version 16
VisualStudioVersion = 16.0.30104.148
MinimumVisualStudioVersion = 10.0.40219.1
Project("{FAE04EC0-301F-11D3-BF4B-00C04F79EFBC}") = "Aetherium", "Aetherium-Rewrite\Aetherium.csproj", "{4E164FB9-7B38-4D92-8740-5B7E985FB839}"
EndProject
Global
	GlobalSection(SolutionConfigurationPlatforms) = preSolution
		Debug|Any CPU = Debug|Any CPU
		Release|Any CPU = Release|Any CPU
	EndGlobalSection
	GlobalSection(ProjectConfigurationPlatforms) = postSolution
		{4E164FB9-7B38-4D92-8740-5B7E985FB839}.Debug|Any CPU.ActiveCfg = Debug|Any CPU
		{4E164FB9-7B38-4D92-8740-5B7E985FB839}.Debug|Any CPU.Build.0 = Debug|Any CPU
		{4E164FB9-7B38-4D92-8740-5B7E985FB839}.Release|Any CPU.ActiveCfg = Release|Any CPU
		{4E164FB9-7B38-4D92-8740-5B7E985FB839}.Release|Any CPU.Build.0 = Release|Any CPU
	EndGlobalSection
	GlobalSection(SolutionProperties) = preSolution
		HideSolutionNode = FALSE
	EndGlobalSection
	GlobalSection(ExtensibilityGlobals) = postSolution
		SolutionGuid = {1CC21E4A-398C-48EF-84BE-026332273AF3}
	EndGlobalSection
EndGlobal
