
Microsoft Visual Studio Solution File, Format Version 12.00
# Visual Studio Version 16
VisualStudioVersion = 16.0.30104.148
MinimumVisualStudioVersion = 10.0.40219.1
Project("{9A19103F-16F7-4668-BE54-9A1E7A4F7556}") = "Aetherium", "Aetherium\Aetherium.csproj", "{FFB51318-0642-44B9-B22B-5BB85B47B585}"
EndProject
Project("{2150E333-8FDC-42A3-9474-1A3956D46DE8}") = "Solution Items", "Solution Items", "{7DD302CC-B1F5-4E80-A3D6-BE8C09592307}"
	ProjectSection(SolutionItems) = preProject
		.editorconfig = .editorconfig
		.gitignore = .gitignore
		README.md = README.md
	EndProjectSection
EndProject
Global
	GlobalSection(SolutionConfigurationPlatforms) = preSolution
		Debug|Any CPU = Debug|Any CPU
		Release|Any CPU = Release|Any CPU
	EndGlobalSection
	GlobalSection(ProjectConfigurationPlatforms) = postSolution
		{FFB51318-0642-44B9-B22B-5BB85B47B585}.Debug|Any CPU.ActiveCfg = Debug|Any CPU
		{FFB51318-0642-44B9-B22B-5BB85B47B585}.Debug|Any CPU.Build.0 = Debug|Any CPU
		{FFB51318-0642-44B9-B22B-5BB85B47B585}.Release|Any CPU.ActiveCfg = Release|Any CPU
		{FFB51318-0642-44B9-B22B-5BB85B47B585}.Release|Any CPU.Build.0 = Release|Any CPU
	EndGlobalSection
	GlobalSection(SolutionProperties) = preSolution
		HideSolutionNode = FALSE
	EndGlobalSection
	GlobalSection(ExtensibilityGlobals) = postSolution
		SolutionGuid = {1CC21E4A-398C-48EF-84BE-026332273AF3}
	EndGlobalSection
EndGlobal
